{
	"name": "copilot-agents-streamdeck",
	"version": "1.0.0",
	"lockfileVersion": 3,
	"requires": true,
	"packages": {
		"": {
			"name": "copilot-agents-streamdeck",
			"version": "1.0.0",
			"dependencies": {
				"@elgato/streamdeck": "^2.1.2"
			},
			"devDependencies": {
				"@elgato/cli": "^1.9.0",
				"@rollup/plugin-commonjs": "^28.0.2",
				"@rollup/plugin-node-resolve": "^16.0.0",
				"@rollup/plugin-typescript": "^12.1.2",
				"@types/node": "^24.0.0",
				"rollup": "^4.34.0",
				"tslib": "^2.8.1",
				"typescript": "^5.7.3"
			}
		},
		"node_modules/@elgato/cli": {
			"version": "1.9.0",
			"resolved": "https://registry.npmjs.org/@elgato/cli/-/cli-1.9.0.tgz",
			"integrity": "sha1-Qx/3V/1igRJh4f2K4YwSKJXq3Go=",
			"dev": true,
			"license": "MIT",
			"dependencies": {
				"@elgato/schemas": "^0.4.14",
				"@humanwhocodes/momoa": "^3.0.0",
				"@zip.js/zip.js": "^2.7.54",
				"ajv": "^8.17.1",
				"chalk": "^5.4.1",
				"commander": "^13.0.0",
				"ejs": "^3.1.10",
				"find-process": "^1.4.10",
				"ignore": "^7.0.3",
				"inquirer": "^12.3.2",
				"is-interactive": "^2.0.0",
				"lodash": "^4.17.21",
				"log-symbols": "^7.0.0",
				"rage-edit": "^1.2.0",
				"semver": "^7.6.3"
			},
			"bin": {
				"sd": "bin/streamdeck.mjs",
				"streamdeck": "bin/streamdeck.mjs"
			},
			"engines": {
				"node": ">=20.1.0"
			}
		},
		"node_modules/@elgato/schemas": {
			"version": "0.4.16",
			"resolved": "https://registry.npmjs.org/@elgato/schemas/-/schemas-0.4.16.tgz",
			"integrity": "sha1-JVs5TO93v8J5a6hF7KQdd8OqMVI=",
			"license": "MIT"
		},
		"node_modules/@elgato/streamdeck": {
			"version": "2.1.2",
			"resolved": "https://registry.npmjs.org/@elgato/streamdeck/-/streamdeck-2.1.2.tgz",
			"integrity": "sha1-zPJD8s9W3rNCr+0ZaRGFQL6en9k=",
			"license": "MIT",
			"dependencies": {
				"@elgato/schemas": "^0.4.14",
				"@elgato/utils": "0.6.0",
				"ws": "^8.19.0"
			},
			"engines": {
				"node": ">=20.5.1"
			}
		},
		"node_modules/@elgato/utils": {
			"version": "0.6.0",
			"resolved": "https://registry.npmjs.org/@elgato/utils/-/utils-0.6.0.tgz",
			"integrity": "sha1-P5ZN82OG6gC3j3oSS5qv7oty+Gc=",
			"license": "MIT",
			"dependencies": {
				"zod": "^3.25.24"
			}
		},
		"node_modules/@humanwhocodes/momoa": {
			"version": "3.3.13",
			"resolved": "https://registry.npmjs.org/@humanwhocodes/momoa/-/momoa-3.3.13.tgz",
			"integrity": "sha1-s0fVkoBAZRnD4akjbgikH1Cjh9U=",
			"dev": true,
			"license": "Apache-2.0",
			"engines": {
				"node": ">=18"
			}
		},
		"node_modules/@inquirer/ansi": {
			"version": "1.0.2",
			"resolved": "https://registry.npmjs.org/@inquirer/ansi/-/ansi-1.0.2.tgz",
			"integrity": "sha1-Z0pMTYGtRgaVyyofxp14zRh/M34=",
			"dev": true,
			"license": "MIT",
			"engines": {
				"node": ">=18"
			}
		},
		"node_modules/@inquirer/checkbox": {
			"version": "4.3.2",
			"resolved": "https://registry.npmjs.org/@inquirer/checkbox/-/checkbox-4.3.2.tgz",
			"integrity": "sha1-4Ug+ZRnW/++XKBpU0qW6oNgbPzs=",
			"dev": true,
			"license": "MIT",
			"dependencies": {
				"@inquirer/ansi": "^1.0.2",
				"@inquirer/core": "^10.3.2",
				"@inquirer/figures": "^1.0.15",
				"@inquirer/type": "^3.0.10",
				"yoctocolors-cjs": "^2.1.3"
			},
			"engines": {
				"node": ">=18"
			},
			"peerDependencies": {
				"@types/node": ">=18"
			},
			"peerDependenciesMeta": {
				"@types/node": {
					"optional": true
				}
			}
		},
		"node_modules/@inquirer/confirm": {
			"version": "5.1.21",
			"resolved": "https://registry.npmjs.org/@inquirer/confirm/-/confirm-5.1.21.tgz",
			"integrity": "sha1-YQxKzXeX2UiQpuLd4smOseiR3RI=",
			"dev": true,
			"license": "MIT",
			"dependencies": {
				"@inquirer/core": "^10.3.2",
				"@inquirer/type": "^3.0.10"
			},
			"engines": {
				"node": ">=18"
			},
			"peerDependencies": {
				"@types/node": ">=18"
			},
			"peerDependenciesMeta": {
				"@types/node": {
					"optional": true
				}
			}
		},
		"node_modules/@inquirer/core": {
			"version": "10.3.2",
			"resolved": "https://registry.npmjs.org/@inquirer/core/-/core-10.3.2.tgz",
			"integrity": "sha1-U1l5/z/0/h58xPg+IyBQTHQ7fiA=",
			"dev": true,
			"license": "MIT",
			"dependencies": {
				"@inquirer/ansi": "^1.0.2",
				"@inquirer/figures": "^1.0.15",
				"@inquirer/type": "^3.0.10",
				"cli-width": "^4.1.0",
				"mute-stream": "^2.0.0",
				"signal-exit": "^4.1.0",
				"wrap-ansi": "^6.2.0",
				"yoctocolors-cjs": "^2.1.3"
			},
			"engines": {
				"node": ">=18"
			},
			"peerDependencies": {
				"@types/node": ">=18"
			},
			"peerDependenciesMeta": {
				"@types/node": {
					"optional": true
				}
			}
		},
		"node_modules/@inquirer/editor": {
			"version": "4.2.23",
			"resolved": "https://registry.npmjs.org/@inquirer/editor/-/editor-4.2.23.tgz",
			"integrity": "sha1-/gRqO/2ukxJi3pjBBSQ315QyLgs=",
			"dev": true,
			"license": "MIT",
			"dependencies": {
				"@inquirer/core": "^10.3.2",
				"@inquirer/external-editor": "^1.0.3",
				"@inquirer/type": "^3.0.10"
			},
			"engines": {
				"node": ">=18"
			},
			"peerDependencies": {
				"@types/node": ">=18"
			},
			"peerDependenciesMeta": {
				"@types/node": {
					"optional": true
				}
			}
		},
		"node_modules/@inquirer/expand": {
			"version": "4.0.23",
			"resolved": "https://registry.npmjs.org/@inquirer/expand/-/expand-4.0.23.tgz",
			"integrity": "sha1-o4tfMiJtdXF8Nwvf7XkjE7kr3AU=",
			"dev": true,
			"license": "MIT",
			"dependencies": {
				"@inquirer/core": "^10.3.2",
				"@inquirer/type": "^3.0.10",
				"yoctocolors-cjs": "^2.1.3"
			},
			"engines": {
				"node": ">=18"
			},
			"peerDependencies": {
				"@types/node": ">=18"
			},
			"peerDependenciesMeta": {
				"@types/node": {
					"optional": true
				}
			}
		},
		"node_modules/@inquirer/external-editor": {
			"version": "1.0.3",
			"resolved": "https://registry.npmjs.org/@inquirer/external-editor/-/external-editor-1.0.3.tgz",
			"integrity": "sha1-wjmIKR7mdikP2rP9MG5kAQptE7g=",
			"dev": true,
			"license": "MIT",
			"dependencies": {
				"chardet": "^2.1.1",
				"iconv-lite": "^0.7.0"
			},
			"engines": {
				"node": ">=18"
			},
			"peerDependencies": {
				"@types/node": ">=18"
			},
			"peerDependenciesMeta": {
				"@types/node": {
					"optional": true
				}
			}
		},
		"node_modules/@inquirer/figures": {
			"version": "1.0.15",
			"resolved": "https://registry.npmjs.org/@inquirer/figures/-/figures-1.0.15.tgz",
			"integrity": "sha1-27Se2A3xHfdCaAI7SWrF2azSKzo=",
			"dev": true,
			"license": "MIT",
			"engines": {
				"node": ">=18"
			}
		},
		"node_modules/@inquirer/input": {
			"version": "4.3.1",
			"resolved": "https://registry.npmjs.org/@inquirer/input/-/input-4.3.1.tgz",
			"integrity": "sha1-d4aDtMTE2V0F1LBcSoVJZLc1ZbQ=",
			"dev": true,
			"license": "MIT",
			"dependencies": {
				"@inquirer/core": "^10.3.2",
				"@inquirer/type": "^3.0.10"
			},
			"engines": {
				"node": ">=18"
			},
			"peerDependencies": {
				"@types/node": ">=18"
			},
			"peerDependenciesMeta": {
				"@types/node": {
					"optional": true
				}
			}
		},
		"node_modules/@inquirer/number": {
			"version": "3.0.23",
			"resolved": "https://registry.npmjs.org/@inquirer/number/-/number-3.0.23.tgz",
			"integrity": "sha1-P97CVA1kIJP9dSaBj9jUvcczUJQ=",
			"dev": true,
			"license": "MIT",
			"dependencies": {
				"@inquirer/core": "^10.3.2",
				"@inquirer/type": "^3.0.10"
			},
			"engines": {
				"node": ">=18"
			},
			"peerDependencies": {
				"@types/node": ">=18"
			},
			"peerDependenciesMeta": {
				"@types/node": {
					"optional": true
				}
			}
		},
		"node_modules/@inquirer/password": {
			"version": "4.0.23",
			"resolved": "https://registry.npmjs.org/@inquirer/password/-/password-4.0.23.tgz",
			"integrity": "sha1-ufUYfIyS/Xqp7Oudjy6tDX57AA0=",
			"dev": true,
			"license": "MIT",
			"dependencies": {
				"@inquirer/ansi": "^1.0.2",
				"@inquirer/core": "^10.3.2",
				"@inquirer/type": "^3.0.10"
			},
			"engines": {
				"node": ">=18"
			},
			"peerDependencies": {
				"@types/node": ">=18"
			},
			"peerDependenciesMeta": {
				"@types/node": {
					"optional": true
				}
			}
		},
		"node_modules/@inquirer/prompts": {
			"version": "7.10.1",
			"resolved": "https://registry.npmjs.org/@inquirer/prompts/-/prompts-7.10.1.tgz",
			"integrity": "sha1-4UNsBITPBMIlSMdOLNI56YnV+Ec=",
			"dev": true,
			"license": "MIT",
			"dependencies": {
				"@inquirer/checkbox": "^4.3.2",
				"@inquirer/confirm": "^5.1.21",
				"@inquirer/editor": "^4.2.23",
				"@inquirer/expand": "^4.0.23",
				"@inquirer/input": "^4.3.1",
				"@inquirer/number": "^3.0.23",
				"@inquirer/password": "^4.0.23",
				"@inquirer/rawlist": "^4.1.11",
				"@inquirer/search": "^3.2.2",
				"@inquirer/select": "^4.4.2"
			},
			"engines": {
				"node": ">=18"
			},
			"peerDependencies": {
				"@types/node": ">=18"
			},
			"peerDependenciesMeta": {
				"@types/node": {
					"optional": true
				}
			}
		},
		"node_modules/@inquirer/rawlist": {
			"version": "4.1.11",
			"resolved": "https://registry.npmjs.org/@inquirer/rawlist/-/rawlist-4.1.11.tgz",
			"integrity": "sha1-MTyMP/zLfUHpkMYGRlcmtKiYoDM=",
			"dev": true,
			"license": "MIT",
			"dependencies": {
				"@inquirer/core": "^10.3.2",
				"@inquirer/type": "^3.0.10",
				"yoctocolors-cjs": "^2.1.3"
			},
			"engines": {
				"node": ">=18"
			},
			"peerDependencies": {
				"@types/node": ">=18"
			},
			"peerDependenciesMeta": {
				"@types/node": {
					"optional": true
				}
			}
		},
		"node_modules/@inquirer/search": {
			"version": "3.2.2",
			"resolved": "https://registry.npmjs.org/@inquirer/search/-/search-3.2.2.tgz",
			"integrity": "sha1-TMb9V03NQ05DmbrcN8dCw/1TSsg=",
			"dev": true,
			"license": "MIT",
			"dependencies": {
				"@inquirer/core": "^10.3.2",
				"@inquirer/figures": "^1.0.15",
				"@inquirer/type": "^3.0.10",
				"yoctocolors-cjs": "^2.1.3"
			},
			"engines": {
				"node": ">=18"
			},
			"peerDependencies": {
				"@types/node": ">=18"
			},
			"peerDependenciesMeta": {
				"@types/node": {
					"optional": true
				}
			}
		},
		"node_modules/@inquirer/select": {
			"version": "4.4.2",
			"resolved": "https://registry.npmjs.org/@inquirer/select/-/select-4.4.2.tgz",
			"integrity": "sha1-Ksj8qWCRPxjx0bNTI+2PzSfYkyM=",
			"dev": true,
			"license": "MIT",
			"dependencies": {
				"@inquirer/ansi": "^1.0.2",
				"@inquirer/core": "^10.3.2",
				"@inquirer/figures": "^1.0.15",
				"@inquirer/type": "^3.0.10",
				"yoctocolors-cjs": "^2.1.3"
			},
			"engines": {
				"node": ">=18"
			},
			"peerDependencies": {
				"@types/node": ">=18"
			},
			"peerDependenciesMeta": {
				"@types/node": {
					"optional": true
				}
			}
		},
		"node_modules/@inquirer/type": {
			"version": "3.0.10",
			"resolved": "https://registry.npmjs.org/@inquirer/type/-/type-3.0.10.tgz",
			"integrity": "sha1-Ee1WTseEMqIA6iYBohLSSvgVDVA=",
			"dev": true,
			"license": "MIT",
			"engines": {
				"node": ">=18"
			},
			"peerDependencies": {
				"@types/node": ">=18"
			},
			"peerDependenciesMeta": {
				"@types/node": {
					"optional": true
				}
			}
		},
		"node_modules/@jridgewell/sourcemap-codec": {
			"version": "1.6.0",
			"resolved": "https://registry.npmjs.org/@jridgewell/sourcemap-codec/-/sourcemap-codec-1.6.0.tgz",
			"integrity": "sha1-9MZj6GLwbcmMpNRThixGkCeJoY0=",
			"dev": true,
			"license": "MIT"
		},
		"node_modules/@napi-rs/lzma-linux-x64-gnu": {
			"version": "1.5.1",
			"resolved": "https://registry.npmjs.org/@napi-rs/lzma-linux-x64-gnu/-/lzma-linux-x64-gnu-1.5.1.tgz",
			"integrity": "sha1-5X1DBpZgeGYgOAlPs465FG3Drqk=",
			"cpu": [
				"x64"
			],
			"dev": true,
			"license": "MIT",
			"optional": true,
			"os": [
				"linux"
			],
			"engines": {
				"node": "^22.20 || ^24.12 || >=25"
			}
		},
		"node_modules/@rollup/plugin-commonjs": {
			"version": "28.0.9",
			"resolved": "https://registry.npmjs.org/@rollup/plugin-commonjs/-/plugin-commonjs-28.0.9.tgz",
			"integrity": "sha1-uHXNFZBhekDEkW1WHXV2HGyjxtE=",
			"dev": true,
			"license": "MIT",
			"dependencies": {
				"@rollup/pluginutils": "^5.0.1",
				"commondir": "^1.0.1",
				"estree-walker": "^2.0.2",
				"fdir": "^6.2.0",
				"is-reference": "1.2.1",
				"magic-string": "^0.30.3",
				"picomatch": "^4.0.2"
			},
			"engines": {
				"node": ">=16.0.0 || 14 >= 14.17"
			},
			"peerDependencies": {
				"rollup": "^2.68.0||^3.0.0||^4.0.0"
			},
			"peerDependenciesMeta": {
				"rollup": {
					"optional": true
				}
			}
		},
		"node_modules/@rollup/plugin-node-resolve": {
			"version": "16.0.3",
			"resolved": "https://registry.npmjs.org/@rollup/plugin-node-resolve/-/plugin-node-resolve-16.0.3.tgz",
			"integrity": "sha1-CYjm8suxMxaw9echP3V7ye1Eko8=",
			"dev": true,
			"license": "MIT",
			"dependencies": {
				"@rollup/pluginutils": "^5.0.1",
				"@types/resolve": "1.20.2",
				"deepmerge": "^4.2.2",
				"is-module": "^1.0.0",
				"resolve": "^1.22.1"
			},
			"engines": {
				"node": ">=14.0.0"
			},
			"peerDependencies": {
				"rollup": "^2.78.0||^3.0.0||^4.0.0"
			},
			"peerDependenciesMeta": {
				"rollup": {
					"optional": true
				}
			}
		},
		"node_modules/@rollup/plugin-typescript": {
			"version": "12.3.0",
			"resolved": "https://registry.npmjs.org/@rollup/plugin-typescript/-/plugin-typescript-12.3.0.tgz",
			"integrity": "sha1-zFG4MJc7wUyUVv5lMvMi8qQPXxI=",
			"dev": true,
			"license": "MIT",
			"dependencies": {
				"@rollup/pluginutils": "^5.1.0",
				"resolve": "^1.22.1"
			},
			"engines": {
				"node": ">=14.0.0"
			},
			"peerDependencies": {
				"rollup": "^2.14.0||^3.0.0||^4.0.0",
				"tslib": "*",
				"typescript": ">=3.7.0"
			},
			"peerDependenciesMeta": {
				"rollup": {
					"optional": true
				},
				"tslib": {
					"optional": true
				}
			}
		},
		"node_modules/@rollup/pluginutils": {
			"version": "5.4.0",
			"resolved": "https://registry.npmjs.org/@rollup/pluginutils/-/pluginutils-5.4.0.tgz",
			"integrity": "sha1-rCOinO0CRwYKIQgV/KOcF95NLyY=",
			"dev": true,
			"license": "MIT",
			"dependencies": {
				"@types/estree": "^1.0.0",
				"estree-walker": "^2.0.2",
				"picomatch": "^4.0.2"
			},
			"engines": {
				"node": ">=14.0.0"
			},
			"peerDependencies": {
				"rollup": "^1.20.0||^2.0.0||^3.0.0||^4.0.0"
			},
			"peerDependenciesMeta": {
				"rollup": {
					"optional": true
				}
			}
		},
		"node_modules/@rollup/rollup-android-arm-eabi": {
			"version": "4.63.1",
			"resolved": "https://registry.npmjs.org/@rollup/rollup-android-arm-eabi/-/rollup-android-arm-eabi-4.63.1.tgz",
			"integrity": "sha1-0Dum6lT57IBojRU3Y80yWi0qWvY=",
			"cpu": [
				"arm"
			],
			"dev": true,
			"license": "MIT",
			"optional": true,
			"os": [
				"android"
			]
		},
		"node_modules/@rollup/rollup-android-arm64": {
			"version": "4.63.1",
			"resolved": "https://registry.npmjs.org/@rollup/rollup-android-arm64/-/rollup-android-arm64-4.63.1.tgz",
			"integrity": "sha1-2142qoqVW0teCwJNZxIw7cXNwZE=",
			"cpu": [
				"arm64"
			],
			"dev": true,
			"license": "MIT",
			"optional": true,
			"os": [
				"android"
			]
		},
		"node_modules/@rollup/rollup-darwin-arm64": {
			"version": "4.63.1",
			"resolved": "https://registry.npmjs.org/@rollup/rollup-darwin-arm64/-/rollup-darwin-arm64-4.63.1.tgz",
			"integrity": "sha1-HtHEOSLnubXQIO9l2EAuPIHtyG4=",
			"cpu": [
				"arm64"
			],
			"dev": true,
			"license": "MIT",
			"optional": true,
			"os": [
				"darwin"
			]
		},
		"node_modules/@rollup/rollup-darwin-x64": {
			"version": "4.63.1",
			"resolved": "https://registry.npmjs.org/@rollup/rollup-darwin-x64/-/rollup-darwin-x64-4.63.1.tgz",
			"integrity": "sha1-Cobngr96VG509THjleJP20XINSc=",
			"cpu": [
				"x64"
			],
			"dev": true,
			"license": "MIT",
			"optional": true,
			"os": [
				"darwin"
			]
		},
		"node_modules/@rollup/rollup-freebsd-arm64": {
			"version": "4.63.1",
			"resolved": "https://registry.npmjs.org/@rollup/rollup-freebsd-arm64/-/rollup-freebsd-arm64-4.63.1.tgz",
			"integrity": "sha1-gvpRxUAYW1BjyLPGOqx5sV8oAa0=",
			"cpu": [
				"arm64"
			],
			"dev": true,
			"license": "MIT",
			"optional": true,
			"os": [
				"freebsd"
			]
		},
		"node_modules/@rollup/rollup-freebsd-x64": {
			"version": "4.63.1",
			"resolved": "https://registry.npmjs.org/@rollup/rollup-freebsd-x64/-/rollup-freebsd-x64-4.63.1.tgz",
			"integrity": "sha1-3x1ztWf9YuDPIcm1ff9/RL/Wljg=",
			"cpu": [
				"x64"
			],
			"dev": true,
			"license": "MIT",
			"optional": true,
			"os": [
				"freebsd"
			]
		},
		"node_modules/@rollup/rollup-linux-arm-gnueabihf": {
			"version": "4.63.1",
			"resolved": "https://registry.npmjs.org/@rollup/rollup-linux-arm-gnueabihf/-/rollup-linux-arm-gnueabihf-4.63.1.tgz",
			"integrity": "sha1-pYW6BBgCeltWdpPbOYLl5XVEpMc=",
			"cpu": [
				"arm"
			],
			"dev": true,
			"license": "MIT",
			"optional": true,
			"os": [
				"linux"
			]
		},
		"node_modules/@rollup/rollup-linux-arm-musleabihf": {
			"version": "4.63.1",
			"resolved": "https://registry.npmjs.org/@rollup/rollup-linux-arm-musleabihf/-/rollup-linux-arm-musleabihf-4.63.1.tgz",
			"integrity": "sha1-Eybw2yK2kKku/Y6qBukiaNx9G7Y=",
			"cpu": [
				"arm"
			],
			"dev": true,
			"license": "MIT",
			"optional": true,
			"os": [
				"linux"
			]
		},
		"node_modules/@rollup/rollup-linux-arm64-gnu": {
			"version": "4.63.1",
			"resolved": "https://registry.npmjs.org/@rollup/rollup-linux-arm64-gnu/-/rollup-linux-arm64-gnu-4.63.1.tgz",
			"integrity": "sha1-lJGTn3zEOlsmqHdBf66v5puseaw=",
			"cpu": [
				"arm64"
			],
			"dev": true,
			"license": "MIT",
			"optional": true,
			"os": [
				"linux"
			]
		},
		"node_modules/@rollup/rollup-linux-arm64-musl": {
			"version": "4.63.1",
			"resolved": "https://registry.npmjs.org/@rollup/rollup-linux-arm64-musl/-/rollup-linux-arm64-musl-4.63.1.tgz",
			"integrity": "sha1-pT2T2sMqzGcTJK8RU5MKtaBNhjk=",
			"cpu": [
				"arm64"
			],
			"dev": true,
			"license": "MIT",
			"optional": true,
			"os": [
				"linux"
			]
		},
		"node_modules/@rollup/rollup-linux-loong64-gnu": {
			"version": "4.63.1",
			"resolved": "https://registry.npmjs.org/@rollup/rollup-linux-loong64-gnu/-/rollup-linux-loong64-gnu-4.63.1.tgz",
			"integrity": "sha1-224GFz78hwvkmi32ktDAYHQXpnk=",
			"cpu": [
				"loong64"
			],
			"dev": true,
			"license": "MIT",
			"optional": true,
			"os": [
				"linux"
			]
		},
		"node_modules/@rollup/rollup-linux-loong64-musl": {
			"version": "4.63.1",
			"resolved": "https://registry.npmjs.org/@rollup/rollup-linux-loong64-musl/-/rollup-linux-loong64-musl-4.63.1.tgz",
			"integrity": "sha1-pgc0o95Ae89L/kTQtkIiwLn7MLw=",
			"cpu": [
				"loong64"
			],
			"dev": true,
			"license": "MIT",
			"optional": true,
			"os": [
				"linux"
			]
		},
		"node_modules/@rollup/rollup-linux-ppc64-gnu": {
			"version": "4.63.1",
			"resolved": "https://registry.npmjs.org/@rollup/rollup-linux-ppc64-gnu/-/rollup-linux-ppc64-gnu-4.63.1.tgz",
			"integrity": "sha1-KKZ+Fde6hjDvBEmAo5Ym4GJ9bnM=",
			"cpu": [
				"ppc64"
			],
			"dev": true,
			"license": "MIT",
			"optional": true,
			"os": [
				"linux"
			]
		},
		"node_modules/@rollup/rollup-linux-ppc64-musl": {
			"version": "4.63.1",
			"resolved": "https://registry.npmjs.org/@rollup/rollup-linux-ppc64-musl/-/rollup-linux-ppc64-musl-4.63.1.tgz",
			"integrity": "sha1-d7tVOlFJQq9UBwdWdj27RMnGyys=",
			"cpu": [
				"ppc64"
			],
			"dev": true,
			"license": "MIT",
			"optional": true,
			"os": [
				"linux"
			]
		},
		"node_modules/@rollup/rollup-linux-riscv64-gnu": {
			"version": "4.63.1",
			"resolved": "https://registry.npmjs.org/@rollup/rollup-linux-riscv64-gnu/-/rollup-linux-riscv64-gnu-4.63.1.tgz",
			"integrity": "sha1-758xuRfjsxDqxbhtO2Ym335UPj0=",
			"cpu": [
				"riscv64"
			],
			"dev": true,
			"license": "MIT",
			"optional": true,
			"os": [
				"linux"
			]
		},
		"node_modules/@rollup/rollup-linux-riscv64-musl": {
			"version": "4.63.1",
			"resolved": "https://registry.npmjs.org/@rollup/rollup-linux-riscv64-musl/-/rollup-linux-riscv64-musl-4.63.1.tgz",
			"integrity": "sha1-aM9hovwCFx0fpiVotzwdlC+C6Aw=",
			"cpu": [
				"riscv64"
			],
			"dev": true,
			"license": "MIT",
			"optional": true,
			"os": [
				"linux"
			]
		},
		"node_modules/@rollup/rollup-linux-s390x-gnu": {
			"version": "4.63.1",
			"resolved": "https://registry.npmjs.org/@rollup/rollup-linux-s390x-gnu/-/rollup-linux-s390x-gnu-4.63.1.tgz",
			"integrity": "sha1-ktOTykfaDQPRwc/7PXNA8mw6U9I=",
			"cpu": [
				"s390x"
			],
			"dev": true,
			"license": "MIT",
			"optional": true,
			"os": [
				"linux"
			]
		},
		"node_modules/@rollup/rollup-linux-x64-gnu": {
			"version": "4.63.1",
			"resolved": "https://registry.npmjs.org/@rollup/rollup-linux-x64-gnu/-/rollup-linux-x64-gnu-4.63.1.tgz",
			"integrity": "sha1-9uXFxR+WrimGF/om2lRnWs1g47w=",
			"cpu": [
				"x64"
			],
			"dev": true,
			"license": "MIT",
			"optional": true,
			"os": [
				"linux"
			]
		},
		"node_modules/@rollup/rollup-linux-x64-musl": {
			"version": "4.63.1",
			"resolved": "https://registry.npmjs.org/@rollup/rollup-linux-x64-musl/-/rollup-linux-x64-musl-4.63.1.tgz",
			"integrity": "sha1-InqUnEgZCceB2KOcKA91VTzdFrw=",
			"cpu": [
				"x64"
			],
			"dev": true,
			"license": "MIT",
			"optional": true,
			"os": [
				"linux"
			]
		},
		"node_modules/@rollup/rollup-openbsd-x64": {
			"version": "4.63.1",
			"resolved": "https://registry.npmjs.org/@rollup/rollup-openbsd-x64/-/rollup-openbsd-x64-4.63.1.tgz",
			"integrity": "sha1-9XJB69tz07wjbnsSUpiECLITnBM=",
			"cpu": [
				"x64"
			],
			"dev": true,
			"license": "MIT",
			"optional": true,
			"os": [
				"openbsd"
			]
		},
		"node_modules/@rollup/rollup-openharmony-arm64": {
			"version": "4.63.1",
			"resolved": "https://registry.npmjs.org/@rollup/rollup-openharmony-arm64/-/rollup-openharmony-arm64-4.63.1.tgz",
			"integrity": "sha1-Op/+WvcegxbdJxa1fdZCh6jB+gs=",
			"cpu": [
				"arm64"
			],
			"dev": true,
			"license": "MIT",
			"optional": true,
			"os": [
				"openharmony"
			]
		},
		"node_modules/@rollup/rollup-win32-arm64-msvc": {
			"version": "4.63.1",
			"resolved": "https://registry.npmjs.org/@rollup/rollup-win32-arm64-msvc/-/rollup-win32-arm64-msvc-4.63.1.tgz",
			"integrity": "sha1-fUpAOWrnnrweNjbB1WbH0YOLgAw=",
			"cpu": [
				"arm64"
			],
			"dev": true,
			"license": "MIT",
			"optional": true,
			"os": [
				"win32"
			]
		},
		"node_modules/@rollup/rollup-win32-ia32-msvc": {
			"version": "4.63.1",
			"resolved": "https://registry.npmjs.org/@rollup/rollup-win32-ia32-msvc/-/rollup-win32-ia32-msvc-4.63.1.tgz",
			"integrity": "sha1-8jSrgBQdpF6+hXJ/cU6yDeLnLCo=",
			"cpu": [
				"ia32"
			],
			"dev": true,
			"license": "MIT",
			"optional": true,
			"os": [
				"win32"
			]
		},
		"node_modules/@rollup/rollup-win32-x64-gnu": {
			"version": "4.63.1",
			"resolved": "https://registry.npmjs.org/@rollup/rollup-win32-x64-gnu/-/rollup-win32-x64-gnu-4.63.1.tgz",
			"integrity": "sha1-XVpmTCPI/wUmuavXA7UP/glwPCo=",
			"cpu": [
				"x64"
			],
			"dev": true,
			"license": "MIT",
			"optional": true,
			"os": [
				"win32"
			]
		},
		"node_modules/@rollup/rollup-win32-x64-msvc": {
			"version": "4.63.1",
			"resolved": "https://registry.npmjs.org/@rollup/rollup-win32-x64-msvc/-/rollup-win32-x64-msvc-4.63.1.tgz",
			"integrity": "sha1-zRnWkTMMvVLrsTYgrLbPcUC5XoA=",
			"cpu": [
				"x64"
			],
			"dev": true,
			"license": "MIT",
			"optional": true,
			"os": [
				"win32"
			]
		},
		"node_modules/@types/estree": {
			"version": "1.0.9",
			"resolved": "https://registry.npmjs.org/@types/estree/-/estree-1.0.9.tgz",
			"integrity": "sha1-zz8Oh2177hWpOrkluCv1cKOQSiQ=",
			"dev": true,
			"license": "MIT"
		},
		"node_modules/@types/node": {
			"version": "24.13.3",
			"resolved": "https://registry.npmjs.org/@types/node/-/node-24.13.3.tgz",
			"integrity": "sha1-SfGL08ZHhm3NpRoHVsFF4UWQzhY=",
			"dev": true,
			"license": "MIT",
			"dependencies": {
				"undici-types": "~7.18.0"
			}
		},
		"node_modules/@types/resolve": {
			"version": "1.20.2",
			"resolved": "https://registry.npmjs.org/@types/resolve/-/resolve-1.20.2.tgz",
			"integrity": "sha1-l9JuAM1KBCO0r2IKvs8+b0QreXU=",
			"dev": true,
			"license": "MIT"
		},
		"node_modules/@zip.js/zip.js": {
			"version": "2.10.0",
			"resolved": "https://registry.npmjs.org/@zip.js/zip.js/-/zip.js-2.10.0.tgz",
			"integrity": "sha1-rapEMTd2d0f3g2Yfa4Ea3etJR1o=",
			"dev": true,
			"license": "BSD-3-Clause",
			"engines": {
				"bun": ">=0.7.0",
				"deno": ">=1.0.0",
				"node": ">=18.0.0"
			}
		},
		"node_modules/ajv": {
			"version": "8.20.0",
			"resolved": "https://registry.npmjs.org/ajv/-/ajv-8.20.0.tgz",
			"integrity": "sha1-MEs2Nq3Yi6fZNnYN1Q7OAG3qlfk=",
			"dev": true,
			"license": "MIT",
			"dependencies": {
				"fast-deep-equal": "^3.1.3",
				"fast-uri": "^3.0.1",
				"json-schema-traverse": "^1.0.0",
				"require-from-string": "^2.0.2"
			},
			"funding": {
				"type": "github",
				"url": "https://github.com/sponsors/epoberezkin"
			}
		},
		"node_modules/ansi-regex": {
			"version": "5.0.1",
			"resolved": "https://registry.npmjs.org/ansi-regex/-/ansi-regex-5.0.1.tgz",
			"integrity": "sha1-CCyyyJyf6GWaMRpTvWpNxTAdswQ=",
			"dev": true,
			"license": "MIT",
			"engines": {
				"node": ">=8"
			}
		},
		"node_modules/ansi-styles": {
			"version": "4.3.0",
			"resolved": "https://registry.npmjs.org/ansi-styles/-/ansi-styles-4.3.0.tgz",
			"integrity": "sha1-7dgDYornHATIWuegkG7a00tkiTc=",
			"dev": true,
			"license": "MIT",
			"dependencies": {
				"color-convert": "^2.0.1"
			},
			"engines": {
				"node": ">=8"
			},
			"funding": {
				"url": "https://github.com/chalk/ansi-styles?sponsor=1"
			}
		},
		"node_modules/async": {
			"version": "3.2.6",
			"resolved": "https://registry.npmjs.org/async/-/async-3.2.6.tgz",
			"integrity": "sha1-Gwco4Ukp1RuFtEm38G4nwRReOM4=",
			"dev": true,
			"license": "MIT"
		},
		"node_modules/balanced-match": {
			"version": "1.0.2",
			"resolved": "https://registry.npmjs.org/balanced-match/-/balanced-match-1.0.2.tgz",
			"integrity": "sha1-6D46fj8wCzTLnYf2FfoMvzV2kO4=",
			"dev": true,
			"license": "MIT"
		},
		"node_modules/brace-expansion": {
			"version": "2.1.4",
			"resolved": "https://registry.npmjs.org/brace-expansion/-/brace-expansion-2.1.4.tgz",
			"integrity": "sha1-WJ2rEcABjQNmvmTNi/Esjb7MgyY=",
			"dev": true,
			"license": "MIT",
			"dependencies": {
				"balanced-match": "^1.0.0"
			}
		},
		"node_modules/chalk": {
			"version": "5.6.2",
			"resolved": "https://registry.npmjs.org/chalk/-/chalk-5.6.2.tgz",
			"integrity": "sha1-sSOLbiPqM3r3HH+KKV21rwwViuo=",
			"dev": true,
			"license": "MIT",
			"engines": {
				"node": "^12.17.0 || ^14.13 || >=16.0.0"
			},
			"funding": {
				"url": "https://github.com/chalk/chalk?sponsor=1"
			}
		},
		"node_modules/chardet": {
			"version": "2.2.0",
			"resolved": "https://registry.npmjs.org/chardet/-/chardet-2.2.0.tgz",
			"integrity": "sha1-AF1mTyy9SWGIjS4sMsWmnlnY7sQ=",
			"dev": true,
			"license": "MIT"
		},
		"node_modules/cli-width": {
			"version": "4.1.0",
			"resolved": "https://registry.npmjs.org/cli-width/-/cli-width-4.1.0.tgz",
			"integrity": "sha1-QtqsQdPCVO84rYrAN2chMBc2kcU=",
			"dev": true,
			"license": "ISC",
			"engines": {
				"node": ">= 12"
			}
		},
		"node_modules/color-convert": {
			"version": "2.0.1",
			"resolved": "https://registry.npmjs.org/color-convert/-/color-convert-2.0.1.tgz",
			"integrity": "sha1-ctOmjVmMm9s68q0ehPIdiWq9TeM=",
			"dev": true,
			"license": "MIT",
			"dependencies": {
				"color-name": "~1.1.4"
			},
			"engines": {
				"node": ">=7.0.0"
			}
		},
		"node_modules/color-name": {
			"version": "1.1.4",
			"resolved": "https://registry.npmjs.org/color-name/-/color-name-1.1.4.tgz",
			"integrity": "sha1-wqCah6y95pVD3m9j+jmVyCbFNqI=",
			"dev": true,
			"license": "MIT"
		},
		"node_modules/commander": {
			"version": "13.1.0",
			"resolved": "https://registry.npmjs.org/commander/-/commander-13.1.0.tgz",
			"integrity": "sha1-d2Fn22jHjzjczh+bjXuLmkiKv0Y=",
			"dev": true,
			"license": "MIT",
			"engines": {
				"node": ">=18"
			}
		},
		"node_modules/commondir": {
			"version": "1.0.1",
			"resolved": "https://registry.npmjs.org/commondir/-/commondir-1.0.1.tgz",
			"integrity": "sha1-3dgA2gxmEnOTzKWVDqloo6rxJTs=",
			"dev": true,
			"license": "MIT"
		},
		"node_modules/deepmerge": {
			"version": "4.3.1",
			"resolved": "https://registry.npmjs.org/deepmerge/-/deepmerge-4.3.1.tgz",
			"integrity": "sha1-RLXyFHzTsA1LVhN2hZZvJv0l3Uo=",
			"dev": true,
			"license": "MIT",
			"engines": {
				"node": ">=0.10.0"
			}
		},
		"node_modules/ejs": {
			"version": "3.1.10",
			"resolved": "https://registry.npmjs.org/ejs/-/ejs-3.1.10.tgz",
			"integrity": "sha1-aauDWLFOiW+AzDnmIIe4hQDDrDs=",
			"dev": true,
			"license": "Apache-2.0",
			"dependencies": {
				"jake": "^10.8.5"
			},
			"bin": {
				"ejs": "bin/cli.js"
			},
			"engines": {
				"node": ">=0.10.0"
			}
		},
		"node_modules/emoji-regex": {
			"version": "8.0.0",
			"resolved": "https://registry.npmjs.org/emoji-regex/-/emoji-regex-8.0.0.tgz",
			"integrity": "sha1-6Bj9ac5cz8tARZT4QpY79TFkzDc=",
			"dev": true,
			"license": "MIT"
		},
		"node_modules/es-errors": {
			"version": "1.3.0",
			"resolved": "https://registry.npmjs.org/es-errors/-/es-errors-1.3.0.tgz",
			"integrity": "sha1-BfdaJdq5jk+x3NXhRywFRtUFfI8=",
			"dev": true,
			"license": "MIT",
			"engines": {
				"node": ">= 0.4"
			}
		},
		"node_modules/estree-walker": {
			"version": "2.0.2",
			"resolved": "https://registry.npmjs.org/estree-walker/-/estree-walker-2.0.2.tgz",
			"integrity": "sha1-UvAQF4wqTBF6d1fP6UKtt9LaTKw=",
			"dev": true,
			"license": "MIT"
		},
		"node_modules/fast-deep-equal": {
			"version": "3.1.3",
			"resolved": "https://registry.npmjs.org/fast-deep-equal/-/fast-deep-equal-3.1.3.tgz",
			"integrity": "sha1-On1WtVnWy8PrUSMlJE5hmmXGxSU=",
			"dev": true,
			"license": "MIT"
		},
		"node_modules/fast-uri": {
			"version": "3.1.7",
			"resolved": "https://registry.npmjs.org/fast-uri/-/fast-uri-3.1.7.tgz",
			"integrity": "sha1-dDFX2Vfzy7TGUxDgM9wq1K19xgo=",
			"dev": true,
			"funding": [
				{
					"type": "github",
					"url": "https://github.com/sponsors/fastify"
				},
				{
					"type": "opencollective",
					"url": "https://opencollective.com/fastify"
				}
			],
			"license": "BSD-3-Clause"
		},
		"node_modules/fdir": {
			"version": "6.5.0",
			"resolved": "https://registry.npmjs.org/fdir/-/fdir-6.5.0.tgz",
			"integrity": "sha1-7Sq5Z6MxreYvGNB32uGSaE1Q01A=",
			"dev": true,
			"license": "MIT",
			"engines": {
				"node": ">=12.0.0"
			},
			"peerDependencies": {
				"picomatch": "^3 || ^4"
			},
			"peerDependenciesMeta": {
				"picomatch": {
					"optional": true
				}
			}
		},
		"node_modules/filelist": {
			"version": "1.0.6",
			"resolved": "https://registry.npmjs.org/filelist/-/filelist-1.0.6.tgz",
			"integrity": "sha1-HohwlCp8Y2yGL3xJuTlJN7aplaM=",
			"dev": true,
			"license": "Apache-2.0",
			"dependencies": {
				"minimatch": "^5.0.1"
			}
		},
		"node_modules/find-process": {
			"version": "1.4.11",
			"resolved": "https://registry.npmjs.org/find-process/-/find-process-1.4.11.tgz",
			"integrity": "sha1-9yRiUdOWs1ua5B//e4cTdnNWf8w=",
			"dev": true,
			"license": "MIT",
			"dependencies": {
				"chalk": "~4.1.2",
				"commander": "^12.1.0",
				"loglevel": "^1.9.2"
			},
			"bin": {
				"find-process": "bin/find-process.js"
			}
		},
		"node_modules/find-process/node_modules/chalk": {
			"version": "4.1.2",
			"resolved": "https://registry.npmjs.org/chalk/-/chalk-4.1.2.tgz",
			"integrity": "sha1-qsTit3NKdAhnrrFr8CqtVWoeegE=",
			"dev": true,
			"license": "MIT",
			"dependencies": {
				"ansi-styles": "^4.1.0",
				"supports-color": "^7.1.0"
			},
			"engines": {
				"node": ">=10"
			},
			"funding": {
				"url": "https://github.com/chalk/chalk?sponsor=1"
			}
		},
		"node_modules/find-process/node_modules/commander": {
			"version": "12.1.0",
			"resolved": "https://registry.npmjs.org/commander/-/commander-12.1.0.tgz",
			"integrity": "sha1-AUI7NvUBJZ/arE0OTWDJbJkVhdM=",
			"dev": true,
			"license": "MIT",
			"engines": {
				"node": ">=18"
			}
		},
		"node_modules/fsevents": {
			"version": "2.3.3",
			"resolved": "https://registry.npmjs.org/fsevents/-/fsevents-2.3.3.tgz",
			"integrity": "sha1-ysZAd4XQNnWipeGlMFxpezR9kNY=",
			"dev": true,
			"license": "MIT",
			"optional": true,
			"os": [
				"darwin"
			],
			"engines": {
				"node": "^8.16.0 || ^10.6.0 || >=11.0.0"
			}
		},
		"node_modules/function-bind": {
			"version": "1.1.2",
			"resolved": "https://registry.npmjs.org/function-bind/-/function-bind-1.1.2.tgz",
			"integrity": "sha1-LALYZNl/PqbIgwxGTL0Rq26rehw=",
			"dev": true,
			"license": "MIT",
			"funding": {
				"url": "https://github.com/sponsors/ljharb"
			}
		},
		"node_modules/has-flag": {
			"version": "4.0.0",
			"resolved": "https://registry.npmjs.org/has-flag/-/has-flag-4.0.0.tgz",
			"integrity": "sha1-lEdx/ZyByBJlxNaUGGDaBrtZR5s=",
			"dev": true,
			"license": "MIT",
			"engines": {
				"node": ">=8"
			}
		},
		"node_modules/hasown": {
			"version": "2.0.4",
			"resolved": "https://registry.npmjs.org/hasown/-/hasown-2.0.4.tgz",
			"integrity": "sha1-jGLYy5C+sqrV0KW2dYGtmFTD8AM=",
			"dev": true,
			"license": "MIT",
			"dependencies": {
				"function-bind": "^1.1.2"
			},
			"engines": {
				"node": ">= 0.4"
			}
		},
		"node_modules/iconv-lite": {
			"version": "0.7.3",
			"resolved": "https://registry.npmjs.org/iconv-lite/-/iconv-lite-0.7.3.tgz",
			"integrity": "sha1-hO4S+WPn3lC8AaE+FgoHizsPQV8=",
			"dev": true,
			"license": "MIT",
			"dependencies": {
				"safer-buffer": ">= 2.1.2 < 3.0.0"
			},
			"engines": {
				"node": ">=0.10.0"
			},
			"funding": {
				"type": "opencollective",
				"url": "https://opencollective.com/express"
			}
		},
		"node_modules/ignore": {
			"version": "7.0.8",
			"resolved": "https://registry.npmjs.org/ignore/-/ignore-7.0.8.tgz",
			"integrity": "sha1-hNhGaJmVhFjuMLQZDIOe4URsyI0=",
			"dev": true,
			"license": "MIT",
			"engines": {
				"node": ">= 4"
			}
		},
		"node_modules/inquirer": {
			"version": "12.11.1",
			"resolved": "https://registry.npmjs.org/inquirer/-/inquirer-12.11.1.tgz",
			"integrity": "sha1-P1dwueySawkJ5GPkLHZvJmTyzJY=",
			"dev": true,
			"license": "MIT",
			"dependencies": {
				"@inquirer/ansi": "^1.0.2",
				"@inquirer/core": "^10.3.2",
				"@inquirer/prompts": "^7.10.1",
				"@inquirer/type": "^3.0.10",
				"mute-stream": "^2.0.0",
				"run-async": "^4.0.6",
				"rxjs": "^7.8.2"
			},
			"engines": {
				"node": ">=18"
			},
			"peerDependencies": {
				"@types/node": ">=18"
			},
			"peerDependenciesMeta": {
				"@types/node": {
					"optional": true
				}
			}
		},
		"node_modules/is-core-module": {
			"version": "2.16.2",
			"resolved": "https://registry.npmjs.org/is-core-module/-/is-core-module-2.16.2.tgz",
			"integrity": "sha1-PgdFCoCA684/vwysSU9NKrMk4II=",
			"dev": true,
			"license": "MIT",
			"dependencies": {
				"hasown": "^2.0.3"
			},
			"engines": {
				"node": ">= 0.4"
			},
			"funding": {
				"url": "https://github.com/sponsors/ljharb"
			}
		},
		"node_modules/is-fullwidth-code-point": {
			"version": "3.0.0",
			"resolved": "https://registry.npmjs.org/is-fullwidth-code-point/-/is-fullwidth-code-point-3.0.0.tgz",
			"integrity": "sha1-8Rb4Bk/pCz94RKOJl8C3UFEmnx0=",
			"dev": true,
			"license": "MIT",
			"engines": {
				"node": ">=8"
			}
		},
		"node_modules/is-interactive": {
			"version": "2.0.0",
			"resolved": "https://registry.npmjs.org/is-interactive/-/is-interactive-2.0.0.tgz",
			"integrity": "sha1-QMV2FFk4JtoRAK3mBZd41ZfxbpA=",
			"dev": true,
			"license": "MIT",
			"engines": {
				"node": ">=12"
			},
			"funding": {
				"url": "https://github.com/sponsors/sindresorhus"
			}
		},
		"node_modules/is-module": {
			"version": "1.0.0",
			"resolved": "https://registry.npmjs.org/is-module/-/is-module-1.0.0.tgz",
			"integrity": "sha1-Mlj7afeMFNW4FdZkM2tM/7ZEFZE=",
			"dev": true,
			"license": "MIT"
		},
		"node_modules/is-reference": {
			"version": "1.2.1",
			"resolved": "https://registry.npmjs.org/is-reference/-/is-reference-1.2.1.tgz",
			"integrity": "sha1-iy2sCzcfS8mU/eq6nrVC0DAC0Lc=",
			"dev": true,
			"license": "MIT",
			"dependencies": {
				"@types/estree": "*"
			}
		},
		"node_modules/is-unicode-supported": {
			"version": "2.1.0",
			"resolved": "https://registry.npmjs.org/is-unicode-supported/-/is-unicode-supported-2.1.0.tgz",
			"integrity": "sha1-CfCrDebTdE1I0mXruY9l0R8qmzo=",
			"dev": true,
			"license": "MIT",
			"engines": {
				"node": ">=18"
			},
			"funding": {
				"url": "https://github.com/sponsors/sindresorhus"
			}
		},
		"node_modules/jake": {
			"version": "10.9.4",
			"resolved": "https://registry.npmjs.org/jake/-/jake-10.9.4.tgz",
			"integrity": "sha1-1ibaEIxj1c+wCrXCX63H4AhK+OY=",
			"dev": true,
			"license": "Apache-2.0",
			"dependencies": {
				"async": "^3.2.6",
				"filelist": "^1.0.4",
				"picocolors": "^1.1.1"
			},
			"bin": {
				"jake": "bin/cli.js"
			},
			"engines": {
				"node": ">=10"
			}
		},
		"node_modules/json-schema-traverse": {
			"version": "1.0.0",
			"resolved": "https://registry.npmjs.org/json-schema-traverse/-/json-schema-traverse-1.0.0.tgz",
			"integrity": "sha1-rnvLNlard6c7pcSb9lTzjmtoYOI=",
			"dev": true,
			"license": "MIT"
		},
		"node_modules/lodash": {
			"version": "4.18.1",
			"resolved": "https://registry.npmjs.org/lodash/-/lodash-4.18.1.tgz",
			"integrity": "sha1-/ytmwfYybVlRPeJAe/iBQ5gSdxw=",
			"dev": true,
			"license": "MIT"
		},
		"node_modules/log-symbols": {
			"version": "7.0.1",
			"resolved": "https://registry.npmjs.org/log-symbols/-/log-symbols-7.0.1.tgz",
			"integrity": "sha1-9S5oA32W9Yn8Vy/yGT3EJNSMGVs=",
			"dev": true,
			"license": "MIT",
			"dependencies": {
				"is-unicode-supported": "^2.0.0",
				"yoctocolors": "^2.1.1"
			},
			"engines": {
				"node": ">=18"
			},
			"funding": {
				"url": "https://github.com/sponsors/sindresorhus"
			}
		},
		"node_modules/loglevel": {
			"version": "1.9.2",
			"resolved": "https://registry.npmjs.org/loglevel/-/loglevel-1.9.2.tgz",
			"integrity": "sha1-wuAo1sdXcgEH305kUIUw22Yhugg=",
			"dev": true,
			"license": "MIT",
			"engines": {
				"node": ">= 0.6.0"
			},
			"funding": {
				"type": "tidelift",
				"url": "https://tidelift.com/funding/github/npm/loglevel"
			}
		},
		"node_modules/magic-string": {
			"version": "0.30.21",
			"resolved": "https://registry.npmjs.org/magic-string/-/magic-string-0.30.21.tgz",
			"integrity": "sha1-VnY+wJoPqAkd8nh5/ZTRkHjADZE=",
			"dev": true,
			"license": "MIT",
			"dependencies": {
				"@jridgewell/sourcemap-codec": "^1.5.5"
			}
		},
		"node_modules/minimatch": {
			"version": "5.1.9",
			"resolved": "https://registry.npmjs.org/minimatch/-/minimatch-5.1.9.tgz",
			"integrity": "sha1-EpPvFdsAmLOUVA6Pn3RPn9qN7ks=",
			"dev": true,
			"license": "ISC",
			"dependencies": {
				"brace-expansion": "^2.0.1"
			},
			"engines": {
				"node": ">=10"
			}
		},
		"node_modules/mute-stream": {
			"version": "2.0.0",
			"resolved": "https://registry.npmjs.org/mute-stream/-/mute-stream-2.0.0.tgz",
			"integrity": "sha1-pURvwMUStxyDxE2QjVx7e0xJOys=",
			"dev": true,
			"license": "ISC",
			"engines": {
				"node": "^18.17.0 || >=20.5.0"
			}
		},
		"node_modules/path-parse": {
			"version": "1.0.7",
			"resolved": "https://registry.npmjs.org/path-parse/-/path-parse-1.0.7.tgz",
			"integrity": "sha1-+8EUtgykKzDZ2vWFjkvWi77bZzU=",
			"dev": true,
			"license": "MIT"
		},
		"node_modules/picocolors": {
			"version": "1.1.1",
			"resolved": "https://registry.npmjs.org/picocolors/-/picocolors-1.1.1.tgz",
			"integrity": "sha1-PTIa8+q5ObCDyPkpodEs2oHCa2s=",
			"dev": true,
			"license": "ISC"
		},
		"node_modules/picomatch": {
			"version": "4.0.7",
			"resolved": "https://registry.npmjs.org/picomatch/-/picomatch-4.0.7.tgz",
			"integrity": "sha1-YxM2ADTMs2s9xh7L3/eBIfkP4h8=",
			"dev": true,
			"license": "MIT",
			"engines": {
				"node": ">=12"
			},
			"funding": {
				"url": "https://github.com/sponsors/jonschlinkert"
			}
		},
		"node_modules/rage-edit": {
			"version": "1.2.0",
			"resolved": "https://registry.npmjs.org/rage-edit/-/rage-edit-1.2.0.tgz",
			"integrity": "sha1-mRhgpg/vk02KbQ8FflV4awL5Sis=",
			"dev": true,
			"license": "MIT"
		},
		"node_modules/require-from-string": {
			"version": "2.0.2",
			"resolved": "https://registry.npmjs.org/require-from-string/-/require-from-string-2.0.2.tgz",
			"integrity": "sha1-iaf92TgmEmcxjq/hT5wy5ZjDaQk=",
			"dev": true,
			"license": "MIT",
			"engines": {
				"node": ">=0.10.0"
			}
		},
		"node_modules/resolve": {
			"version": "1.22.12",
			"resolved": "https://registry.npmjs.org/resolve/-/resolve-1.22.12.tgz",
			"integrity": "sha1-9bKmgIl8acI4oTzRaxVnH4tzVJ8=",
			"dev": true,
			"license": "MIT",
			"dependencies": {
				"es-errors": "^1.3.0",
				"is-core-module": "^2.16.1",
				"path-parse": "^1.0.7",
				"supports-preserve-symlinks-flag": "^1.0.0"
			},
			"bin": {
				"resolve": "bin/resolve"
			},
			"engines": {
				"node": ">= 0.4"
			},
			"funding": {
				"url": "https://github.com/sponsors/ljharb"
			}
		},
		"node_modules/rollup": {
			"version": "4.63.1",
			"resolved": "https://registry.npmjs.org/rollup/-/rollup-4.63.1.tgz",
			"integrity": "sha1-qbltWyVY0DS6uxKti2egQ7yHCsQ=",
			"dev": true,
			"license": "MIT",
			"dependencies": {
				"@types/estree": "1.0.9"
			},
			"bin": {
				"rollup": "dist/bin/rollup"
			},
			"engines": {
				"node": ">=18.0.0",
				"npm": ">=8.0.0"
			},
			"optionalDependencies": {
				"@napi-rs/lzma-linux-x64-gnu": "1.5.1",
				"@rollup/rollup-android-arm-eabi": "4.63.1",
				"@rollup/rollup-android-arm64": "4.63.1",
				"@rollup/rollup-darwin-arm64": "4.63.1",
				"@rollup/rollup-darwin-x64": "4.63.1",
				"@rollup/rollup-freebsd-arm64": "4.63.1",
				"@rollup/rollup-freebsd-x64": "4.63.1",
				"@rollup/rollup-linux-arm-gnueabihf": "4.63.1",
				"@rollup/rollup-linux-arm-musleabihf": "4.63.1",
				"@rollup/rollup-linux-arm64-gnu": "4.63.1",
				"@rollup/rollup-linux-arm64-musl": "4.63.1",
				"@rollup/rollup-linux-loong64-gnu": "4.63.1",
				"@rollup/rollup-linux-loong64-musl": "4.63.1",
				"@rollup/rollup-linux-ppc64-gnu": "4.63.1",
				"@rollup/rollup-linux-ppc64-musl": "4.63.1",
				"@rollup/rollup-linux-riscv64-gnu": "4.63.1",
				"@rollup/rollup-linux-riscv64-musl": "4.63.1",
				"@rollup/rollup-linux-s390x-gnu": "4.63.1",
				"@rollup/rollup-linux-x64-gnu": "4.63.1",
				"@rollup/rollup-linux-x64-musl": "4.63.1",
				"@rollup/rollup-openbsd-x64": "4.63.1",
				"@rollup/rollup-openharmony-arm64": "4.63.1",
				"@rollup/rollup-win32-arm64-msvc": "4.63.1",
				"@rollup/rollup-win32-ia32-msvc": "4.63.1",
				"@rollup/rollup-win32-x64-gnu": "4.63.1",
				"@rollup/rollup-win32-x64-msvc": "4.63.1",
				"fsevents": "~2.3.2"
			}
		},
		"node_modules/run-async": {
			"version": "4.0.6",
			"resolved": "https://registry.npmjs.org/run-async/-/run-async-4.0.6.tgz",
			"integrity": "sha1-1TuGrLcfQmUP4j3is8G2trNLkpQ=",
			"dev": true,
			"license": "MIT",
			"engines": {
				"node": ">=0.12.0"
			}
		},
		"node_modules/rxjs": {
			"version": "7.8.2",
			"resolved": "https://registry.npmjs.org/rxjs/-/rxjs-7.8.2.tgz",
			"integrity": "sha1-lVvEc+2K8RoAKivlIHG/R1Y4YHs=",
			"dev": true,
			"license": "Apache-2.0",
			"dependencies": {
				"tslib": "^2.1.0"
			}
		},
		"node_modules/safer-buffer": {
			"version": "2.1.2",
			"resolved": "https://registry.npmjs.org/safer-buffer/-/safer-buffer-2.1.2.tgz",
			"integrity": "sha1-RPoWGwGHuVSd2Eu5GAL5vYOFzWo=",
			"dev": true,
			"license": "MIT"
		},
		"node_modules/semver": {
			"version": "7.8.5",
			"resolved": "https://registry.npmjs.org/semver/-/semver-7.8.5.tgz",
			"integrity": "sha1-ObZGA33VDBT7RR5+TKxY7YuGP2k=",
			"dev": true,
			"license": "ISC",
			"bin": {
				"semver": "bin/semver.js"
			},
			"engines": {
				"node": ">=10"
			}
		},
		"node_modules/signal-exit": {
			"version": "4.1.0",
			"resolved": "https://registry.npmjs.org/signal-exit/-/signal-exit-4.1.0.tgz",
			"integrity": "sha1-lSGIwcvVRgcOLdIND0HArgUwywQ=",
			"dev": true,
			"license": "ISC",
			"engines": {
				"node": ">=14"
			},
			"funding": {
				"url": "https://github.com/sponsors/isaacs"
			}
		},
		"node_modules/string-width": {
			"version": "4.2.3",
			"resolved": "https://registry.npmjs.org/string-width/-/string-width-4.2.3.tgz",
			"integrity": "sha1-JpxxF9J7Ba0uU2gwqOyJXvnG0BA=",
			"dev": true,
			"license": "MIT",
			"dependencies": {
				"emoji-regex": "^8.0.0",
				"is-fullwidth-code-point": "^3.0.0",
				"strip-ansi": "^6.0.1"
			},
			"engines": {
				"node": ">=8"
			}
		},
		"node_modules/strip-ansi": {
			"version": "6.0.1",
			"resolved": "https://registry.npmjs.org/strip-ansi/-/strip-ansi-6.0.1.tgz",
			"integrity": "sha1-nibGPTD1NEPpSJSVshBdN7Z6hdk=",
			"dev": true,
			"license": "MIT",
			"dependencies": {
				"ansi-regex": "^5.0.1"
			},
			"engines": {
				"node": ">=8"
			}
		},
		"node_modules/supports-color": {
			"version": "7.2.0",
			"resolved": "https://registry.npmjs.org/supports-color/-/supports-color-7.2.0.tgz",
			"integrity": "sha1-G33NyzK4E4gBs+R4umpRyqiWSNo=",
			"dev": true,
			"license": "MIT",
			"dependencies": {
				"has-flag": "^4.0.0"
			},
			"engines": {
				"node": ">=8"
			}
		},
		"node_modules/supports-preserve-symlinks-flag": {
			"version": "1.0.0",
			"resolved": "https://registry.npmjs.org/supports-preserve-symlinks-flag/-/supports-preserve-symlinks-flag-1.0.0.tgz",
			"integrity": "sha1-btpL00SjyUrqN21MwxvHcxEDngk=",
			"dev": true,
			"license": "MIT",
			"engines": {
				"node": ">= 0.4"
			},
			"funding": {
				"url": "https://github.com/sponsors/ljharb"
			}
		},
		"node_modules/tslib": {
			"version": "2.8.1",
			"resolved": "https://registry.npmjs.org/tslib/-/tslib-2.8.1.tgz",
			"integrity": "sha1-YS7+TtI11Wfoq6Xypfq3AoCt6D8=",
			"dev": true,
			"license": "0BSD"
		},
		"node_modules/typescript": {
			"version": "5.9.3",
			"resolved": "https://registry.npmjs.org/typescript/-/typescript-5.9.3.tgz",
			"integrity": "sha1-W09Z4VMQqxeiFvXWz1PuR27eZw8=",
			"dev": true,
			"license": "Apache-2.0",
			"bin": {
				"tsc": "bin/tsc",
				"tsserver": "bin/tsserver"
			},
			"engines": {
				"node": ">=14.17"
			}
		},
		"node_modules/undici-types": {
			"version": "7.18.2",
			"resolved": "https://registry.npmjs.org/undici-types/-/undici-types-7.18.2.tgz",
			"integrity": "sha1-KTV6iee3ykrvO/D9P9DNc4hCKek=",
			"dev": true,
			"license": "MIT"
		},
		"node_modules/wrap-ansi": {
			"version": "6.2.0",
			"resolved": "https://registry.npmjs.org/wrap-ansi/-/wrap-ansi-6.2.0.tgz",
			"integrity": "sha1-6Tk7oHEC5skaOyIUePAlfNKFblM=",
			"dev": true,
			"license": "MIT",
			"dependencies": {
				"ansi-styles": "^4.0.0",
				"string-width": "^4.1.0",
				"strip-ansi": "^6.0.0"
			},
			"engines": {
				"node": ">=8"
			}
		},
		"node_modules/ws": {
			"version": "8.21.3",
			"resolved": "https://registry.npmjs.org/ws/-/ws-8.21.3.tgz",
			"integrity": "sha1-ZgtPrdtqPldchuB4EmkZlh9N5Pw=",
			"license": "MIT",
			"engines": {
				"node": ">=10.0.0"
			},
			"peerDependencies": {
				"bufferutil": "^4.0.1",
				"utf-8-validate": ">=5.0.2"
			},
			"peerDependenciesMeta": {
				"bufferutil": {
					"optional": true
				},
				"utf-8-validate": {
					"optional": true
				}
			}
		},
		"node_modules/yoctocolors": {
			"version": "2.2.0",
			"resolved": "https://registry.npmjs.org/yoctocolors/-/yoctocolors-2.2.0.tgz",
			"integrity": "sha1-xLaO5HfzmCwz5N4kpapKNUvlBtM=",
			"dev": true,
			"license": "MIT",
			"engines": {
				"node": ">=18"
			},
			"funding": {
				"url": "https://github.com/sponsors/sindresorhus"
			}
		},
		"node_modules/yoctocolors-cjs": {
			"version": "2.1.3",
			"resolved": "https://registry.npmjs.org/yoctocolors-cjs/-/yoctocolors-cjs-2.1.3.tgz",
			"integrity": "sha1-fklk6o7EIrekCskX06NEz9IwS6o=",
			"dev": true,
			"license": "MIT",
			"engines": {
				"node": ">=18"
			},
			"funding": {
				"url": "https://github.com/sponsors/sindresorhus"
			}
		},
		"node_modules/zod": {
			"version": "3.25.76",
			"resolved": "https://registry.npmjs.org/zod/-/zod-3.25.76.tgz",
			"integrity": "sha1-JoQcP2/SKmonYOfMtxkXl2hHHjQ=",
			"license": "MIT",
			"funding": {
				"url": "https://github.com/sponsors/colinhacks"
			}
		}
	}
}
